
Microsoft Visual Studio Solution File, Format Version 12.00
# Visual Studio Version 16
VisualStudioVersion = 16.0.32428.217
MinimumVisualStudioVersion = 10.0.40219.1
Project("{FAE04EC0-301F-11D3-BF4B-00C04F79EFBC}") = "RegistroHorasPage", "RegistroHorasPage.csproj", "{170FEBB6-80BA-468A-94C6-B84E66D88500}"
EndProject
Global
	GlobalSection(SolutionConfigurationPlatforms) = preSolution
		Debug|Any CPU = Debug|Any CPU
		Release|Any CPU = Release|Any CPU
	EndGlobalSection
	GlobalSection(ProjectConfigurationPlatforms) = postSolution
		{170FEBB6-80BA-468A-94C6-B84E66D88500}.Debug|Any CPU.ActiveCfg = Debug|Any CPU
		{170FEBB6-80BA-468A-94C6-B84E66D88500}.Debug|Any CPU.Build.0 = Debug|Any CPU
		{170FEBB6-80BA-468A-94C6-B84E66D88500}.Release|Any CPU.ActiveCfg = Release|Any CPU
		{170FEBB6-80BA-468A-94C6-B84E66D88500}.Release|Any CPU.Build.0 = Release|Any CPU
	EndGlobalSection
	GlobalSection(SolutionProperties) = preSolution
		HideSolutionNode = FALSE
	EndGlobalSection
	GlobalSection(ExtensibilityGlobals) = postSolution
		SolutionGuid = {F24FFFC1-9475-4A8B-9060-6D5F54C6885C}
	EndGlobalSection
EndGlobal
